// !$*UTF8*$!
{
	archiveVersion = 1;
	classes = {
	};
	objectVersion = 56;
	objects = {

/* Begin PBXBuildFile section */
		7D1C405D2BC35FBF00EFD84B /* WebViewDecorated.swift in Sources */ = {isa = PBXBuildFile; fileRef = 7D1C405C2BC35FBF00EFD84B /* WebViewDecorated.swift */; };
		7D1C405F2BC3621600EFD84B /* GlobesToolbarContent.swift in Sources */ = {isa = PBXBuildFile; fileRef = 7D1C405E2BC3621600EFD84B /* GlobesToolbarContent.swift */; };
		7D4C40CF2BBF5FFB0041FADD /* Error.swift in Sources */ = {isa = PBXBuildFile; fileRef = 7D4C40CE2BBF5FFB0041FADD /* Error.swift */; };
		7D6E110C2BA6C81C00C2BCD0 /* Pardies_Celestial_6900023.jpg in Resources */ = {isa = PBXBuildFile; fileRef = 7D6E11072BA6C81B00C2BCD0 /* Pardies_Celestial_6900023.jpg */; };
		7D6E110D2BA6C81C00C2BCD0 /* Bellerby65cmSchminkeGagarin.jpg in Resources */ = {isa = PBXBuildFile; fileRef = 7D6E11082BA6C81B00C2BCD0 /* Bellerby65cmSchminkeGagarin.jpg */; };
		7D6E110E2BA6C81C00C2BCD0 /* TharpOceanFloor4black.jpg in Resources */ = {isa = PBXBuildFile; fileRef = 7D6E11092BA6C81B00C2BCD0 /* TharpOceanFloor4black.jpg */; };
		7D6E110F2BA6C81C00C2BCD0 /* Coronelli_Terrestrial_10070028.jpg in Resources */ = {isa = PBXBuildFile; fileRef = 7D6E110A2BA6C81C00C2BCD0 /* Coronelli_Terrestrial_10070028.jpg */; };
		7D6E11102BA6C81C00C2BCD0 /* Behaim_12237025.jpg in Resources */ = {isa = PBXBuildFile; fileRef = 7D6E110B2BA6C81C00C2BCD0 /* Behaim_12237025.jpg */; };
		7D7464382BA3A0A600182871 /* ViewModel.swift in Sources */ = {isa = PBXBuildFile; fileRef = 7D7464372BA3A0A600182871 /* ViewModel.swift */; };
		7D74643A2BA3C16F00182871 /* ViewModel+Preview.swift in Sources */ = {isa = PBXBuildFile; fileRef = 7D7464392BA3C16F00182871 /* ViewModel+Preview.swift */; };
		7D760A372BB03AA0008DF619 /* CameraTracker.swift in Sources */ = {isa = PBXBuildFile; fileRef = 7D760A362BB03AA0008DF619 /* CameraTracker.swift */; };
		7D81B85D2BA123B5004C4477 /* Globes.json in Resources */ = {isa = PBXBuildFile; fileRef = 7D81B85C2BA123B5004C4477 /* Globes.json */; };
		7D81B85F2BA13A53004C4477 /* UrbanoMonte_10130093.jpg in Resources */ = {isa = PBXBuildFile; fileRef = 7D81B85E2BA13A53004C4477 /* UrbanoMonte_10130093.jpg */; };
		7D81B86C2BA1B6E2004C4477 /* GlobeEntity.swift in Sources */ = {isa = PBXBuildFile; fileRef = 7D81B86B2BA1B6E2004C4477 /* GlobeEntity.swift */; };
		7D81B86E2BA1C5EC004C4477 /* RotationSystem.swift in Sources */ = {isa = PBXBuildFile; fileRef = 7D81B86D2BA1C5EC004C4477 /* RotationSystem.swift */; };
		7D8CD0DF2BA6CC630053B32D /* HenzeWorld.jpg in Resources */ = {isa = PBXBuildFile; fileRef = 7D8CD0DD2BA6CC630053B32D /* HenzeWorld.jpg */; };
		7D8CD0E02BA6CC630053B32D /* Cassini_Celestial_5750000.jpg in Resources */ = {isa = PBXBuildFile; fileRef = 7D8CD0DE2BA6CC630053B32D /* Cassini_Celestial_5750000.jpg */; };
		7DAF532A2B9D2D2B0037F5DF /* GlobeInfoView.swift in Sources */ = {isa = PBXBuildFile; fileRef = 7DAF53292B9D2D2B0037F5DF /* GlobeInfoView.swift */; };
		7DC757332BB24355003E6A53 /* ImmersivePreviewGlobeView.swift in Sources */ = {isa = PBXBuildFile; fileRef = 7DC757322BB24355003E6A53 /* ImmersivePreviewGlobeView.swift */; };
		7DCFBEF92BA4203B00B4F27C /* Assets.xcassets in Resources */ = {isa = PBXBuildFile; fileRef = 7DCFBEF82BA4203B00B4F27C /* Assets.xcassets */; };
		7DCFBEFC2BA4203B00B4F27C /* Preview Assets.xcassets in Resources */ = {isa = PBXBuildFile; fileRef = 7DCFBEFB2BA4203B00B4F27C /* Preview Assets.xcassets */; };
		7DCFBF022BA420B100B4F27C /* Globe.swift in Sources */ = {isa = PBXBuildFile; fileRef = 7DEAB05C2B9B0520004027B1 /* Globe.swift */; };
		7DCFBF082BA420F400B4F27C /* ContentView.swift in Sources */ = {isa = PBXBuildFile; fileRef = 7DCFBF032BA420F400B4F27C /* ContentView.swift */; };
		7DCFBF092BA420F400B4F27C /* GlobesMetaApp.swift in Sources */ = {isa = PBXBuildFile; fileRef = 7DCFBF042BA420F400B4F27C /* GlobesMetaApp.swift */; };
		7DCFBF0A2BA420F400B4F27C /* GlobesMetaDocument.swift in Sources */ = {isa = PBXBuildFile; fileRef = 7DCFBF052BA420F400B4F27C /* GlobesMetaDocument.swift */; };
		7DCFBF0B2BA420F400B4F27C /* GlobeEditorView.swift in Sources */ = {isa = PBXBuildFile; fileRef = 7DCFBF062BA420F400B4F27C /* GlobeEditorView.swift */; };
		7DCFBF0C2BA420F400B4F27C /* Credits.rtf in Resources */ = {isa = PBXBuildFile; fileRef = 7DCFBF072BA420F400B4F27C /* Credits.rtf */; };
		7DE4FACC2BA2989B00C4B637 /* GlobeGesturesModifier.swift in Sources */ = {isa = PBXBuildFile; fileRef = 7DE4FACB2BA2989B00C4B637 /* GlobeGesturesModifier.swift */; };
		7DE4FACE2BA2AB1200C4B637 /* GlobeConfiguration.swift in Sources */ = {isa = PBXBuildFile; fileRef = 7DE4FACD2BA2AB1200C4B637 /* GlobeConfiguration.swift */; };
		7DE4FAD02BA2AEF600C4B637 /* Globe+Preview.swift in Sources */ = {isa = PBXBuildFile; fileRef = 7DE4FACF2BA2AEF600C4B637 /* Globe+Preview.swift */; };
		7DEAB04C2B9B04C2004027B1 /* GlobesApp.swift in Sources */ = {isa = PBXBuildFile; fileRef = 7DEAB04B2B9B04C2004027B1 /* GlobesApp.swift */; };
		7DEAB04E2B9B04C2004027B1 /* ContentView.swift in Sources */ = {isa = PBXBuildFile; fileRef = 7DEAB04D2B9B04C2004027B1 /* ContentView.swift */; };
		7DEAB0502B9B04C2004027B1 /* ImmersiveGlobeView.swift in Sources */ = {isa = PBXBuildFile; fileRef = 7DEAB04F2B9B04C2004027B1 /* ImmersiveGlobeView.swift */; };
		7DEAB0522B9B04C4004027B1 /* Assets.xcassets in Resources */ = {isa = PBXBuildFile; fileRef = 7DEAB0512B9B04C4004027B1 /* Assets.xcassets */; };
		7DEAB0552B9B04C4004027B1 /* Preview Assets.xcassets in Resources */ = {isa = PBXBuildFile; fileRef = 7DEAB0542B9B04C4004027B1 /* Preview Assets.xcassets */; };
		7DEAB05D2B9B0520004027B1 /* Globe.swift in Sources */ = {isa = PBXBuildFile; fileRef = 7DEAB05C2B9B0520004027B1 /* Globe.swift */; };
		7DEAB0612B9B1D55004027B1 /* GlobeSelectionView.swift in Sources */ = {isa = PBXBuildFile; fileRef = 7DEAB0602B9B1D55004027B1 /* GlobeSelectionView.swift */; };
		7DFE488D2BAA957600DE6DB4 /* IntroView.swift in Sources */ = {isa = PBXBuildFile; fileRef = 7DFE488C2BAA957600DE6DB4 /* IntroView.swift */; };
		7DFE488F2BAAB76D00DE6DB4 /* AboutView.swift in Sources */ = {isa = PBXBuildFile; fileRef = 7DFE488E2BAAB76D00DE6DB4 /* AboutView.swift */; };
		7DFE48912BAAF18000DE6DB4 /* WebView.swift in Sources */ = {isa = PBXBuildFile; fileRef = 7DFE48902BAAF18000DE6DB4 /* WebView.swift */; };
/* End PBXBuildFile section */

/* Begin PBXFileReference section */
		7D1C405C2BC35FBF00EFD84B /* WebViewDecorated.swift */ = {isa = PBXFileReference; lastKnownFileType = sourcecode.swift; path = WebViewDecorated.swift; sourceTree = "<group>"; };
		7D1C405E2BC3621600EFD84B /* GlobesToolbarContent.swift */ = {isa = PBXFileReference; lastKnownFileType = sourcecode.swift; path = GlobesToolbarContent.swift; sourceTree = "<group>"; };
		7D4C40CE2BBF5FFB0041FADD /* Error.swift */ = {isa = PBXFileReference; lastKnownFileType = sourcecode.swift; path = Error.swift; sourceTree = "<group>"; };
		7D6E11072BA6C81B00C2BCD0 /* Pardies_Celestial_6900023.jpg */ = {isa = PBXFileReference; lastKnownFileType = image.jpeg; path = Pardies_Celestial_6900023.jpg; sourceTree = "<group>"; };
		7D6E11082BA6C81B00C2BCD0 /* Bellerby65cmSchminkeGagarin.jpg */ = {isa = PBXFileReference; lastKnownFileType = image.jpeg; path = Bellerby65cmSchminkeGagarin.jpg; sourceTree = "<group>"; };
		7D6E11092BA6C81B00C2BCD0 /* TharpOceanFloor4black.jpg */ = {isa = PBXFileReference; lastKnownFileType = image.jpeg; path = TharpOceanFloor4black.jpg; sourceTree = "<group>"; };
		7D6E110A2BA6C81C00C2BCD0 /* Coronelli_Terrestrial_10070028.jpg */ = {isa = PBXFileReference; lastKnownFileType = image.jpeg; path = Coronelli_Terrestrial_10070028.jpg; sourceTree = "<group>"; };
		7D6E110B2BA6C81C00C2BCD0 /* Behaim_12237025.jpg */ = {isa = PBXFileReference; lastKnownFileType = image.jpeg; path = Behaim_12237025.jpg; sourceTree = "<group>"; };
		7D7464372BA3A0A600182871 /* ViewModel.swift */ = {isa = PBXFileReference; lastKnownFileType = sourcecode.swift; path = ViewModel.swift; sourceTree = "<group>"; };
		7D7464392BA3C16F00182871 /* ViewModel+Preview.swift */ = {isa = PBXFileReference; lastKnownFileType = sourcecode.swift; path = "ViewModel+Preview.swift"; sourceTree = "<group>"; };
		7D760A362BB03AA0008DF619 /* CameraTracker.swift */ = {isa = PBXFileReference; lastKnownFileType = sourcecode.swift; path = CameraTracker.swift; sourceTree = "<group>"; };
		7D81B85C2BA123B5004C4477 /* Globes.json */ = {isa = PBXFileReference; fileEncoding = 4; lastKnownFileType = text.json; path = Globes.json; sourceTree = SOURCE_ROOT; };
		7D81B85E2BA13A53004C4477 /* UrbanoMonte_10130093.jpg */ = {isa = PBXFileReference; lastKnownFileType = image.jpeg; path = UrbanoMonte_10130093.jpg; sourceTree = "<group>"; };
		7D81B86B2BA1B6E2004C4477 /* GlobeEntity.swift */ = {isa = PBXFileReference; lastKnownFileType = sourcecode.swift; path = GlobeEntity.swift; sourceTree = "<group>"; };
		7D81B86D2BA1C5EC004C4477 /* RotationSystem.swift */ = {isa = PBXFileReference; fileEncoding = 4; lastKnownFileType = sourcecode.swift; path = RotationSystem.swift; sourceTree = "<group>"; };
		7D8CD0DD2BA6CC630053B32D /* HenzeWorld.jpg */ = {isa = PBXFileReference; lastKnownFileType = image.jpeg; path = HenzeWorld.jpg; sourceTree = "<group>"; };
		7D8CD0DE2BA6CC630053B32D /* Cassini_Celestial_5750000.jpg */ = {isa = PBXFileReference; lastKnownFileType = image.jpeg; path = Cassini_Celestial_5750000.jpg; sourceTree = "<group>"; };
		7DAF53292B9D2D2B0037F5DF /* GlobeInfoView.swift */ = {isa = PBXFileReference; lastKnownFileType = sourcecode.swift; path = GlobeInfoView.swift; sourceTree = "<group>"; };
		7DC757322BB24355003E6A53 /* ImmersivePreviewGlobeView.swift */ = {isa = PBXFileReference; lastKnownFileType = sourcecode.swift; path = ImmersivePreviewGlobeView.swift; sourceTree = "<group>"; };
		7DCFBEF02BA4203900B4F27C /* Globes Meta.app */ = {isa = PBXFileReference; explicitFileType = wrapper.application; includeInIndex = 0; path = "Globes Meta.app"; sourceTree = BUILT_PRODUCTS_DIR; };
		7DCFBEF82BA4203B00B4F27C /* Assets.xcassets */ = {isa = PBXFileReference; lastKnownFileType = folder.assetcatalog; path = Assets.xcassets; sourceTree = "<group>"; };
		7DCFBEFB2BA4203B00B4F27C /* Preview Assets.xcassets */ = {isa = PBXFileReference; lastKnownFileType = folder.assetcatalog; path = "Preview Assets.xcassets"; sourceTree = "<group>"; };
		7DCFBEFD2BA4203B00B4F27C /* Info.plist */ = {isa = PBXFileReference; lastKnownFileType = text.plist.xml; path = Info.plist; sourceTree = "<group>"; };
		7DCFBEFE2BA4203B00B4F27C /* Globes_Meta.entitlements */ = {isa = PBXFileReference; lastKnownFileType = text.plist.entitlements; path = Globes_Meta.entitlements; sourceTree = "<group>"; };
		7DCFBF032BA420F400B4F27C /* ContentView.swift */ = {isa = PBXFileReference; fileEncoding = 4; lastKnownFileType = sourcecode.swift; path = ContentView.swift; sourceTree = "<group>"; };
		7DCFBF042BA420F400B4F27C /* GlobesMetaApp.swift */ = {isa = PBXFileReference; fileEncoding = 4; lastKnownFileType = sourcecode.swift; path = GlobesMetaApp.swift; sourceTree = "<group>"; };
		7DCFBF052BA420F400B4F27C /* GlobesMetaDocument.swift */ = {isa = PBXFileReference; fileEncoding = 4; lastKnownFileType = sourcecode.swift; path = GlobesMetaDocument.swift; sourceTree = "<group>"; };
		7DCFBF062BA420F400B4F27C /* GlobeEditorView.swift */ = {isa = PBXFileReference; fileEncoding = 4; lastKnownFileType = sourcecode.swift; path = GlobeEditorView.swift; sourceTree = "<group>"; };
		7DCFBF072BA420F400B4F27C /* Credits.rtf */ = {isa = PBXFileReference; fileEncoding = 4; lastKnownFileType = text.rtf; path = Credits.rtf; sourceTree = "<group>"; };
		7DE4FACB2BA2989B00C4B637 /* GlobeGesturesModifier.swift */ = {isa = PBXFileReference; fileEncoding = 4; lastKnownFileType = sourcecode.swift; path = GlobeGesturesModifier.swift; sourceTree = "<group>"; };
		7DE4FACD2BA2AB1200C4B637 /* GlobeConfiguration.swift */ = {isa = PBXFileReference; lastKnownFileType = sourcecode.swift; path = GlobeConfiguration.swift; sourceTree = "<group>"; };
		7DE4FACF2BA2AEF600C4B637 /* Globe+Preview.swift */ = {isa = PBXFileReference; lastKnownFileType = sourcecode.swift; path = "Globe+Preview.swift"; sourceTree = "<group>"; };
		7DEAB0442B9B04C2004027B1 /* Globes.app */ = {isa = PBXFileReference; explicitFileType = wrapper.application; includeInIndex = 0; path = Globes.app; sourceTree = BUILT_PRODUCTS_DIR; };
		7DEAB04B2B9B04C2004027B1 /* GlobesApp.swift */ = {isa = PBXFileReference; lastKnownFileType = sourcecode.swift; path = GlobesApp.swift; sourceTree = "<group>"; };
		7DEAB04D2B9B04C2004027B1 /* ContentView.swift */ = {isa = PBXFileReference; lastKnownFileType = sourcecode.swift; path = ContentView.swift; sourceTree = "<group>"; };
		7DEAB04F2B9B04C2004027B1 /* ImmersiveGlobeView.swift */ = {isa = PBXFileReference; lastKnownFileType = sourcecode.swift; path = ImmersiveGlobeView.swift; sourceTree = "<group>"; };
		7DEAB0512B9B04C4004027B1 /* Assets.xcassets */ = {isa = PBXFileReference; lastKnownFileType = folder.assetcatalog; path = Assets.xcassets; sourceTree = "<group>"; };
		7DEAB0542B9B04C4004027B1 /* Preview Assets.xcassets */ = {isa = PBXFileReference; lastKnownFileType = folder.assetcatalog; path = "Preview Assets.xcassets"; sourceTree = "<group>"; };
		7DEAB0562B9B04C4004027B1 /* Info.plist */ = {isa = PBXFileReference; lastKnownFileType = text.plist.xml; path = Info.plist; sourceTree = "<group>"; };
		7DEAB05C2B9B0520004027B1 /* Globe.swift */ = {isa = PBXFileReference; lastKnownFileType = sourcecode.swift; path = Globe.swift; sourceTree = "<group>"; };
		7DEAB0602B9B1D55004027B1 /* GlobeSelectionView.swift */ = {isa = PBXFileReference; lastKnownFileType = sourcecode.swift; path = GlobeSelectionView.swift; sourceTree = "<group>"; };
		7DFE488C2BAA957600DE6DB4 /* IntroView.swift */ = {isa = PBXFileReference; lastKnownFileType = sourcecode.swift; path = IntroView.swift; sourceTree = "<group>"; };
		7DFE488E2BAAB76D00DE6DB4 /* AboutView.swift */ = {isa = PBXFileReference; lastKnownFileType = sourcecode.swift; path = AboutView.swift; sourceTree = "<group>"; };
		7DFE48902BAAF18000DE6DB4 /* WebView.swift */ = {isa = PBXFileReference; lastKnownFileType = sourcecode.swift; path = WebView.swift; sourceTree = "<group>"; };
/* End PBXFileReference section */

/* Begin PBXFrameworksBuildPhase section */
		7DCFBEED2BA4203900B4F27C /* Frameworks */ = {
			isa = PBXFrameworksBuildPhase;
			buildActionMask = 2147483647;
			files = (
			);
			runOnlyForDeploymentPostprocessing = 0;
		};
		7DEAB0412B9B04C2004027B1 /* Frameworks */ = {
			isa = PBXFrameworksBuildPhase;
			buildActionMask = 2147483647;
			files = (
			);
			runOnlyForDeploymentPostprocessing = 0;
		};
/* End PBXFrameworksBuildPhase section */

/* Begin PBXGroup section */
		7D487E7B2BAB97CA00F8660A /* Views */ = {
			isa = PBXGroup;
			children = (
				7DEAB04D2B9B04C2004027B1 /* ContentView.swift */,
				7DFE488E2BAAB76D00DE6DB4 /* AboutView.swift */,
				7DAF53292B9D2D2B0037F5DF /* GlobeInfoView.swift */,
				7DEAB0602B9B1D55004027B1 /* GlobeSelectionView.swift */,
				7D1C405E2BC3621600EFD84B /* GlobesToolbarContent.swift */,
				7DEAB04F2B9B04C2004027B1 /* ImmersiveGlobeView.swift */,
				7DC757322BB24355003E6A53 /* ImmersivePreviewGlobeView.swift */,
				7DFE488C2BAA957600DE6DB4 /* IntroView.swift */,
				7DFE48902BAAF18000DE6DB4 /* WebView.swift */,
				7D1C405C2BC35FBF00EFD84B /* WebViewDecorated.swift */,
			);
			path = Views;
			sourceTree = "<group>";
		};
		7D487E7C2BAB983200F8660A /* Entities & Components */ = {
			isa = PBXGroup;
			children = (
				7D81B86B2BA1B6E2004C4477 /* GlobeEntity.swift */,
				7D81B86D2BA1C5EC004C4477 /* RotationSystem.swift */,
			);
			path = "Entities & Components";
			sourceTree = "<group>";
		};
		7D81B8602BA13D67004C4477 /* Textures */ = {
			isa = PBXGroup;
			children = (
				7D6E110B2BA6C81C00C2BCD0 /* Behaim_12237025.jpg */,
				7D6E11082BA6C81B00C2BCD0 /* Bellerby65cmSchminkeGagarin.jpg */,
				7D8CD0DE2BA6CC630053B32D /* Cassini_Celestial_5750000.jpg */,
				7D6E110A2BA6C81C00C2BCD0 /* Coronelli_Terrestrial_10070028.jpg */,
				7D8CD0DD2BA6CC630053B32D /* HenzeWorld.jpg */,
				7D6E11072BA6C81B00C2BCD0 /* Pardies_Celestial_6900023.jpg */,
				7D6E11092BA6C81B00C2BCD0 /* TharpOceanFloor4black.jpg */,
				7D81B85E2BA13A53004C4477 /* UrbanoMonte_10130093.jpg */,
			);
			path = Textures;
			sourceTree = "<group>";
		};
		7DCFBEF12BA4203900B4F27C /* Globes Meta */ = {
			isa = PBXGroup;
			children = (
				7DCFBF032BA420F400B4F27C /* ContentView.swift */,
				7DCFBF062BA420F400B4F27C /* GlobeEditorView.swift */,
				7DCFBF042BA420F400B4F27C /* GlobesMetaApp.swift */,
				7DCFBF052BA420F400B4F27C /* GlobesMetaDocument.swift */,
				7DCFBEF82BA4203B00B4F27C /* Assets.xcassets */,
				7DCFBEFD2BA4203B00B4F27C /* Info.plist */,
				7DCFBF072BA420F400B4F27C /* Credits.rtf */,
				7DCFBEFE2BA4203B00B4F27C /* Globes_Meta.entitlements */,
				7DCFBEFA2BA4203B00B4F27C /* Preview Content */,
			);
			path = "Globes Meta";
			sourceTree = "<group>";
		};
		7DCFBEFA2BA4203B00B4F27C /* Preview Content */ = {
			isa = PBXGroup;
			children = (
				7DCFBEFB2BA4203B00B4F27C /* Preview Assets.xcassets */,
			);
			path = "Preview Content";
			sourceTree = "<group>";
		};
		7DEAB03B2B9B04C2004027B1 = {
			isa = PBXGroup;
			children = (
				7DEAB0462B9B04C2004027B1 /* Globes */,
				7DCFBEF12BA4203900B4F27C /* Globes Meta */,
				7DEAB0452B9B04C2004027B1 /* Products */,
			);
			sourceTree = "<group>";
		};
		7DEAB0452B9B04C2004027B1 /* Products */ = {
			isa = PBXGroup;
			children = (
				7DEAB0442B9B04C2004027B1 /* Globes.app */,
				7DCFBEF02BA4203900B4F27C /* Globes Meta.app */,
			);
			name = Products;
			sourceTree = "<group>";
		};
		7DEAB0462B9B04C2004027B1 /* Globes */ = {
			isa = PBXGroup;
			children = (
				7DEAB05C2B9B0520004027B1 /* Globe.swift */,
				7DE4FACD2BA2AB1200C4B637 /* GlobeConfiguration.swift */,
				7D7464372BA3A0A600182871 /* ViewModel.swift */,
				7DEAB04B2B9B04C2004027B1 /* GlobesApp.swift */,
				7D760A362BB03AA0008DF619 /* CameraTracker.swift */,
				7DE4FACB2BA2989B00C4B637 /* GlobeGesturesModifier.swift */,
				7D4C40CE2BBF5FFB0041FADD /* Error.swift */,
				7D487E7B2BAB97CA00F8660A /* Views */,
				7D487E7C2BAB983200F8660A /* Entities & Components */,
				7DEAB0512B9B04C4004027B1 /* Assets.xcassets */,
				7DEAB0562B9B04C4004027B1 /* Info.plist */,
				7D81B85C2BA123B5004C4477 /* Globes.json */,
				7D81B8602BA13D67004C4477 /* Textures */,
				7DEAB0532B9B04C4004027B1 /* Preview Content */,
			);
			path = Globes;
			sourceTree = "<group>";
		};
		7DEAB0532B9B04C4004027B1 /* Preview Content */ = {
			isa = PBXGroup;
			children = (
				7DEAB0542B9B04C4004027B1 /* Preview Assets.xcassets */,
				7DE4FACF2BA2AEF600C4B637 /* Globe+Preview.swift */,
				7D7464392BA3C16F00182871 /* ViewModel+Preview.swift */,
			);
			path = "Preview Content";
			sourceTree = "<group>";
		};
/* End PBXGroup section */

/* Begin PBXNativeTarget section */
		7DCFBEEF2BA4203900B4F27C /* Globes Meta */ = {
			isa = PBXNativeTarget;
			buildConfigurationList = 7DCFBF012BA4203B00B4F27C /* Build configuration list for PBXNativeTarget "Globes Meta" */;
			buildPhases = (
				7DCFBEEC2BA4203900B4F27C /* Sources */,
				7DCFBEED2BA4203900B4F27C /* Frameworks */,
				7DCFBEEE2BA4203900B4F27C /* Resources */,
			);
			buildRules = (
			);
			dependencies = (
			);
			name = "Globes Meta";
			productName = "Globes Meta";
			productReference = 7DCFBEF02BA4203900B4F27C /* Globes Meta.app */;
			productType = "com.apple.product-type.application";
		};
		7DEAB0432B9B04C2004027B1 /* Globes */ = {
			isa = PBXNativeTarget;
			buildConfigurationList = 7DEAB0592B9B04C4004027B1 /* Build configuration list for PBXNativeTarget "Globes" */;
			buildPhases = (
				7DEAB0402B9B04C2004027B1 /* Sources */,
				7DEAB0412B9B04C2004027B1 /* Frameworks */,
				7DEAB0422B9B04C2004027B1 /* Resources */,
			);
			buildRules = (
			);
			dependencies = (
			);
			name = Globes;
			packageProductDependencies = (
			);
			productName = Globes;
			productReference = 7DEAB0442B9B04C2004027B1 /* Globes.app */;
			productType = "com.apple.product-type.application";
		};
/* End PBXNativeTarget section */

/* Begin PBXProject section */
		7DEAB03C2B9B04C2004027B1 /* Project object */ = {
			isa = PBXProject;
			attributes = {
				BuildIndependentTargetsInParallel = 1;
				LastSwiftUpdateCheck = 1530;
				LastUpgradeCheck = 1530;
				TargetAttributes = {
					7DCFBEEF2BA4203900B4F27C = {
						CreatedOnToolsVersion = 15.3;
					};
					7DEAB0432B9B04C2004027B1 = {
						CreatedOnToolsVersion = 15.3;
					};
				};
			};
			buildConfigurationList = 7DEAB03F2B9B04C2004027B1 /* Build configuration list for PBXProject "Globes" */;
			compatibilityVersion = "Xcode 14.0";
			developmentRegion = en;
			hasScannedForEncodings = 0;
			knownRegions = (
				en,
				Base,
			);
			mainGroup = 7DEAB03B2B9B04C2004027B1;
			productRefGroup = 7DEAB0452B9B04C2004027B1 /* Products */;
			projectDirPath = "";
			projectRoot = "";
			targets = (
				7DEAB0432B9B04C2004027B1 /* Globes */,
				7DCFBEEF2BA4203900B4F27C /* Globes Meta */,
			);
		};
/* End PBXProject section */

/* Begin PBXResourcesBuildPhase section */
		7DCFBEEE2BA4203900B4F27C /* Resources */ = {
			isa = PBXResourcesBuildPhase;
			buildActionMask = 2147483647;
			files = (
				7DCFBEFC2BA4203B00B4F27C /* Preview Assets.xcassets in Resources */,
				7DCFBF0C2BA420F400B4F27C /* Credits.rtf in Resources */,
				7DCFBEF92BA4203B00B4F27C /* Assets.xcassets in Resources */,
			);
			runOnlyForDeploymentPostprocessing = 0;
		};
		7DEAB0422B9B04C2004027B1 /* Resources */ = {
			isa = PBXResourcesBuildPhase;
			buildActionMask = 2147483647;
			files = (
				7DEAB0552B9B04C4004027B1 /* Preview Assets.xcassets in Resources */,
				7D6E11102BA6C81C00C2BCD0 /* Behaim_12237025.jpg in Resources */,
				7D8CD0DF2BA6CC630053B32D /* HenzeWorld.jpg in Resources */,
				7D8CD0E02BA6CC630053B32D /* Cassini_Celestial_5750000.jpg in Resources */,
				7D6E110F2BA6C81C00C2BCD0 /* Coronelli_Terrestrial_10070028.jpg in Resources */,
				7D6E110C2BA6C81C00C2BCD0 /* Pardies_Celestial_6900023.jpg in Resources */,
				7DEAB0522B9B04C4004027B1 /* Assets.xcassets in Resources */,
				7D81B85F2BA13A53004C4477 /* UrbanoMonte_10130093.jpg in Resources */,
				7D6E110E2BA6C81C00C2BCD0 /* TharpOceanFloor4black.jpg in Resources */,
				7D6E110D2BA6C81C00C2BCD0 /* Bellerby65cmSchminkeGagarin.jpg in Resources */,
				7D81B85D2BA123B5004C4477 /* Globes.json in Resources */,
			);
			runOnlyForDeploymentPostprocessing = 0;
		};
/* End PBXResourcesBuildPhase section */

/* Begin PBXSourcesBuildPhase section */
		7DCFBEEC2BA4203900B4F27C /* Sources */ = {
			isa = PBXSourcesBuildPhase;
			buildActionMask = 2147483647;
			files = (
				7DCFBF092BA420F400B4F27C /* GlobesMetaApp.swift in Sources */,
				7DCFBF0B2BA420F400B4F27C /* GlobeEditorView.swift in Sources */,
				7DCFBF0A2BA420F400B4F27C /* GlobesMetaDocument.swift in Sources */,
				7DCFBF082BA420F400B4F27C /* ContentView.swift in Sources */,
				7DCFBF022BA420B100B4F27C /* Globe.swift in Sources */,
			);
			runOnlyForDeploymentPostprocessing = 0;
		};
		7DEAB0402B9B04C2004027B1 /* Sources */ = {
			isa = PBXSourcesBuildPhase;
			buildActionMask = 2147483647;
			files = (
				7D1C405F2BC3621600EFD84B /* GlobesToolbarContent.swift in Sources */,
				7D81B86C2BA1B6E2004C4477 /* GlobeEntity.swift in Sources */,
				7DFE48912BAAF18000DE6DB4 /* WebView.swift in Sources */,
				7DEAB0612B9B1D55004027B1 /* GlobeSelectionView.swift in Sources */,
				7D760A372BB03AA0008DF619 /* CameraTracker.swift in Sources */,
				7DEAB04E2B9B04C2004027B1 /* ContentView.swift in Sources */,
				7DAF532A2B9D2D2B0037F5DF /* GlobeInfoView.swift in Sources */,
				7DFE488F2BAAB76D00DE6DB4 /* AboutView.swift in Sources */,
				7DE4FACC2BA2989B00C4B637 /* GlobeGesturesModifier.swift in Sources */,
				7DE4FAD02BA2AEF600C4B637 /* Globe+Preview.swift in Sources */,
				7D1C405D2BC35FBF00EFD84B /* WebViewDecorated.swift in Sources */,
				7D81B86E2BA1C5EC004C4477 /* RotationSystem.swift in Sources */,
				7DFE488D2BAA957600DE6DB4 /* IntroView.swift in Sources */,
				7DEAB04C2B9B04C2004027B1 /* GlobesApp.swift in Sources */,
				7DEAB0502B9B04C2004027B1 /* ImmersiveGlobeView.swift in Sources */,
				7DEAB05D2B9B0520004027B1 /* Globe.swift in Sources */,
				7D7464382BA3A0A600182871 /* ViewModel.swift in Sources */,
				7DC757332BB24355003E6A53 /* ImmersivePreviewGlobeView.swift in Sources */,
				7DE4FACE2BA2AB1200C4B637 /* GlobeConfiguration.swift in Sources */,
				7D74643A2BA3C16F00182871 /* ViewModel+Preview.swift in Sources */,
				7D4C40CF2BBF5FFB0041FADD /* Error.swift in Sources */,
			);
			runOnlyForDeploymentPostprocessing = 0;
		};
/* End PBXSourcesBuildPhase section */

/* Begin XCBuildConfiguration section */
		7DCFBEFF2BA4203B00B4F27C /* Debug */ = {
			isa = XCBuildConfiguration;
			buildSettings = {
				ASSETCATALOG_COMPILER_APPICON_NAME = AppIcon;
				ASSETCATALOG_COMPILER_GLOBAL_ACCENT_COLOR_NAME = AccentColor;
				CODE_SIGN_ENTITLEMENTS = "Globes Meta/Globes_Meta.entitlements";
				CODE_SIGN_STYLE = Automatic;
				COMBINE_HIDPI_IMAGES = YES;
				CURRENT_PROJECT_VERSION = 2;
				DEVELOPMENT_ASSET_PATHS = "\"Globes Meta/Preview Content\"";
				DEVELOPMENT_TEAM = L8FKNLG3XM;
				ENABLE_HARDENED_RUNTIME = YES;
				ENABLE_PREVIEWS = YES;
				GENERATE_INFOPLIST_FILE = YES;
				INFOPLIST_FILE = "Globes Meta/Info.plist";
				INFOPLIST_KEY_CFBundleDisplayName = "";
				INFOPLIST_KEY_NSHumanReadableCopyright = "© 2024 Monash University";
				LD_RUNPATH_SEARCH_PATHS = (
					"$(inherited)",
					"@executable_path/../Frameworks",
				);
				MACOSX_DEPLOYMENT_TARGET = 14.4;
				MARKETING_VERSION = 1.0.1;
				PRODUCT_BUNDLE_IDENTIFIER = "edu.monash.Globes-Meta";
				PRODUCT_NAME = "$(TARGET_NAME)";
				SDKROOT = macosx;
				SWIFT_EMIT_LOC_STRINGS = YES;
				SWIFT_VERSION = 5.0;
			};
			name = Debug;
		};
		7DCFBF002BA4203B00B4F27C /* Release */ = {
			isa = XCBuildConfiguration;
			buildSettings = {
				ASSETCATALOG_COMPILER_APPICON_NAME = AppIcon;
				ASSETCATALOG_COMPILER_GLOBAL_ACCENT_COLOR_NAME = AccentColor;
				CODE_SIGN_ENTITLEMENTS = "Globes Meta/Globes_Meta.entitlements";
				CODE_SIGN_STYLE = Automatic;
				COMBINE_HIDPI_IMAGES = YES;
				CURRENT_PROJECT_VERSION = 2;
				DEVELOPMENT_ASSET_PATHS = "\"Globes Meta/Preview Content\"";
				DEVELOPMENT_TEAM = L8FKNLG3XM;
				ENABLE_HARDENED_RUNTIME = YES;
				ENABLE_PREVIEWS = YES;
				GENERATE_INFOPLIST_FILE = YES;
				INFOPLIST_FILE = "Globes Meta/Info.plist";
				INFOPLIST_KEY_CFBundleDisplayName = "";
				INFOPLIST_KEY_NSHumanReadableCopyright = "© 2024 Monash University";
				LD_RUNPATH_SEARCH_PATHS = (
					"$(inherited)",
					"@executable_path/../Frameworks",
				);
				MACOSX_DEPLOYMENT_TARGET = 14.4;
				MARKETING_VERSION = 1.0.1;
				PRODUCT_BUNDLE_IDENTIFIER = "edu.monash.Globes-Meta";
				PRODUCT_NAME = "$(TARGET_NAME)";
				SDKROOT = macosx;
				SWIFT_EMIT_LOC_STRINGS = YES;
				SWIFT_VERSION = 5.0;
			};
			name = Release;
		};
		7DEAB0572B9B04C4004027B1 /* Debug */ = {
			isa = XCBuildConfiguration;
			buildSettings = {
				ALWAYS_SEARCH_USER_PATHS = NO;
				ASSETCATALOG_COMPILER_GENERATE_SWIFT_ASSET_SYMBOL_EXTENSIONS = YES;
				CLANG_ANALYZER_NONNULL = YES;
				CLANG_ANALYZER_NUMBER_OBJECT_CONVERSION = YES_AGGRESSIVE;
				CLANG_CXX_LANGUAGE_STANDARD = "gnu++20";
				CLANG_ENABLE_MODULES = YES;
				CLANG_ENABLE_OBJC_ARC = YES;
				CLANG_ENABLE_OBJC_WEAK = YES;
				CLANG_WARN_BLOCK_CAPTURE_AUTORELEASING = YES;
				CLANG_WARN_BOOL_CONVERSION = YES;
				CLANG_WARN_COMMA = YES;
				CLANG_WARN_CONSTANT_CONVERSION = YES;
				CLANG_WARN_DEPRECATED_OBJC_IMPLEMENTATIONS = YES;
				CLANG_WARN_DIRECT_OBJC_ISA_USAGE = YES_ERROR;
				CLANG_WARN_DOCUMENTATION_COMMENTS = YES;
				CLANG_WARN_EMPTY_BODY = YES;
				CLANG_WARN_ENUM_CONVERSION = YES;
				CLANG_WARN_INFINITE_RECURSION = YES;
				CLANG_WARN_INT_CONVERSION = YES;
				CLANG_WARN_NON_LITERAL_NULL_CONVERSION = YES;
				CLANG_WARN_OBJC_IMPLICIT_RETAIN_SELF = YES;
				CLANG_WARN_OBJC_LITERAL_CONVERSION = YES;
				CLANG_WARN_OBJC_ROOT_CLASS = YES_ERROR;
				CLANG_WARN_QUOTED_INCLUDE_IN_FRAMEWORK_HEADER = YES;
				CLANG_WARN_RANGE_LOOP_ANALYSIS = YES;
				CLANG_WARN_STRICT_PROTOTYPES = YES;
				CLANG_WARN_SUSPICIOUS_MOVE = YES;
				CLANG_WARN_UNGUARDED_AVAILABILITY = YES_AGGRESSIVE;
				CLANG_WARN_UNREACHABLE_CODE = YES;
				CLANG_WARN__DUPLICATE_METHOD_MATCH = YES;
				COPY_PHASE_STRIP = NO;
				DEBUG_INFORMATION_FORMAT = dwarf;
				ENABLE_STRICT_OBJC_MSGSEND = YES;
				ENABLE_TESTABILITY = YES;
				ENABLE_USER_SCRIPT_SANDBOXING = YES;
				GCC_C_LANGUAGE_STANDARD = gnu17;
				GCC_DYNAMIC_NO_PIC = NO;
				GCC_NO_COMMON_BLOCKS = YES;
				GCC_OPTIMIZATION_LEVEL = 0;
				GCC_PREPROCESSOR_DEFINITIONS = (
					"DEBUG=1",
					"$(inherited)",
				);
				GCC_WARN_64_TO_32_BIT_CONVERSION = YES;
				GCC_WARN_ABOUT_RETURN_TYPE = YES_ERROR;
				GCC_WARN_UNDECLARED_SELECTOR = YES;
				GCC_WARN_UNINITIALIZED_AUTOS = YES_AGGRESSIVE;
				GCC_WARN_UNUSED_FUNCTION = YES;
				GCC_WARN_UNUSED_VARIABLE = YES;
				LOCALIZATION_PREFERS_STRING_CATALOGS = YES;
				MTL_ENABLE_DEBUG_INFO = INCLUDE_SOURCE;
				MTL_FAST_MATH = YES;
				ONLY_ACTIVE_ARCH = YES;
				SDKROOT = xros;
				SWIFT_ACTIVE_COMPILATION_CONDITIONS = "DEBUG $(inherited)";
				SWIFT_OPTIMIZATION_LEVEL = "-Onone";
				XROS_DEPLOYMENT_TARGET = 1.1;
			};
			name = Debug;
		};
		7DEAB0582B9B04C4004027B1 /* Release */ = {
			isa = XCBuildConfiguration;
			buildSettings = {
				ALWAYS_SEARCH_USER_PATHS = NO;
				ASSETCATALOG_COMPILER_GENERATE_SWIFT_ASSET_SYMBOL_EXTENSIONS = YES;
				CLANG_ANALYZER_NONNULL = YES;
				CLANG_ANALYZER_NUMBER_OBJECT_CONVERSION = YES_AGGRESSIVE;
				CLANG_CXX_LANGUAGE_STANDARD = "gnu++20";
				CLANG_ENABLE_MODULES = YES;
				CLANG_ENABLE_OBJC_ARC = YES;
				CLANG_ENABLE_OBJC_WEAK = YES;
				CLANG_WARN_BLOCK_CAPTURE_AUTORELEASING = YES;
				CLANG_WARN_BOOL_CONVERSION = YES;
				CLANG_WARN_COMMA = YES;
				CLANG_WARN_CONSTANT_CONVERSION = YES;
				CLANG_WARN_DEPRECATED_OBJC_IMPLEMENTATIONS = YES;
				CLANG_WARN_DIRECT_OBJC_ISA_USAGE = YES_ERROR;
				CLANG_WARN_DOCUMENTATION_COMMENTS = YES;
				CLANG_WARN_EMPTY_BODY = YES;
				CLANG_WARN_ENUM_CONVERSION = YES;
				CLANG_WARN_INFINITE_RECURSION = YES;
				CLANG_WARN_INT_CONVERSION = YES;
				CLANG_WARN_NON_LITERAL_NULL_CONVERSION = YES;
				CLANG_WARN_OBJC_IMPLICIT_RETAIN_SELF = YES;
				CLANG_WARN_OBJC_LITERAL_CONVERSION = YES;
				CLANG_WARN_OBJC_ROOT_CLASS = YES_ERROR;
				CLANG_WARN_QUOTED_INCLUDE_IN_FRAMEWORK_HEADER = YES;
				CLANG_WARN_RANGE_LOOP_ANALYSIS = YES;
				CLANG_WARN_STRICT_PROTOTYPES = YES;
				CLANG_WARN_SUSPICIOUS_MOVE = YES;
				CLANG_WARN_UNGUARDED_AVAILABILITY = YES_AGGRESSIVE;
				CLANG_WARN_UNREACHABLE_CODE = YES;
				CLANG_WARN__DUPLICATE_METHOD_MATCH = YES;
				COPY_PHASE_STRIP = NO;
				DEBUG_INFORMATION_FORMAT = "dwarf-with-dsym";
				ENABLE_NS_ASSERTIONS = NO;
				ENABLE_STRICT_OBJC_MSGSEND = YES;
				ENABLE_USER_SCRIPT_SANDBOXING = YES;
				GCC_C_LANGUAGE_STANDARD = gnu17;
				GCC_NO_COMMON_BLOCKS = YES;
				GCC_WARN_64_TO_32_BIT_CONVERSION = YES;
				GCC_WARN_ABOUT_RETURN_TYPE = YES_ERROR;
				GCC_WARN_UNDECLARED_SELECTOR = YES;
				GCC_WARN_UNINITIALIZED_AUTOS = YES_AGGRESSIVE;
				GCC_WARN_UNUSED_FUNCTION = YES;
				GCC_WARN_UNUSED_VARIABLE = YES;
				LOCALIZATION_PREFERS_STRING_CATALOGS = YES;
				MTL_ENABLE_DEBUG_INFO = NO;
				MTL_FAST_MATH = YES;
				SDKROOT = xros;
				SWIFT_COMPILATION_MODE = wholemodule;
				VALIDATE_PRODUCT = YES;
				XROS_DEPLOYMENT_TARGET = 1.1;
			};
			name = Release;
		};
		7DEAB05A2B9B04C4004027B1 /* Debug */ = {
			isa = XCBuildConfiguration;
			buildSettings = {
				ASSETCATALOG_COMPILER_APPICON_NAME = AppIcon;
				ASSETCATALOG_COMPILER_GLOBAL_ACCENT_COLOR_NAME = AccentColor;
				CODE_SIGN_STYLE = Automatic;
				CURRENT_PROJECT_VERSION = 8;
				DEVELOPMENT_ASSET_PATHS = "\"Globes/Preview Content\"";
				DEVELOPMENT_TEAM = L8FKNLG3XM;
				ENABLE_PREVIEWS = YES;
				GENERATE_INFOPLIST_FILE = YES;
				INFOPLIST_FILE = "$(TARGET_NAME)/Info.plist";
				LD_RUNPATH_SEARCH_PATHS = (
					"$(inherited)",
					"@executable_path/Frameworks",
				);
				MARKETING_VERSION = 1.0.1;
				PRODUCT_BUNDLE_IDENTIFIER = edu.monash.Globes;
				PRODUCT_NAME = "$(TARGET_NAME)";
				SUPPORTED_PLATFORMS = "xros xrsimulator";
				SWIFT_EMIT_LOC_STRINGS = YES;
				SWIFT_VERSION = 5.0;
				TARGETED_DEVICE_FAMILY = "1,2,7";
			};
			name = Debug;
		};
		7DEAB05B2B9B04C4004027B1 /* Release */ = {
			isa = XCBuildConfiguration;
			buildSettings = {
				ASSETCATALOG_COMPILER_APPICON_NAME = AppIcon;
				ASSETCATALOG_COMPILER_GLOBAL_ACCENT_COLOR_NAME = AccentColor;
				CODE_SIGN_STYLE = Automatic;
				CURRENT_PROJECT_VERSION = 8;
				DEVELOPMENT_ASSET_PATHS = "\"Globes/Preview Content\"";
				DEVELOPMENT_TEAM = L8FKNLG3XM;
				ENABLE_PREVIEWS = YES;
				GENERATE_INFOPLIST_FILE = YES;
				INFOPLIST_FILE = "$(TARGET_NAME)/Info.plist";
				LD_RUNPATH_SEARCH_PATHS = (
					"$(inherited)",
					"@executable_path/Frameworks",
				);
				MARKETING_VERSION = 1.0.1;
				PRODUCT_BUNDLE_IDENTIFIER = edu.monash.Globes;
				PRODUCT_NAME = "$(TARGET_NAME)";
				SUPPORTED_PLATFORMS = "xros xrsimulator";
				SWIFT_EMIT_LOC_STRINGS = YES;
				SWIFT_VERSION = 5.0;
				TARGETED_DEVICE_FAMILY = "1,2,7";
			};
			name = Release;
		};
/* End XCBuildConfiguration section */

/* Begin XCConfigurationList section */
		7DCFBF012BA4203B00B4F27C /* Build configuration list for PBXNativeTarget "Globes Meta" */ = {
			isa = XCConfigurationList;
			buildConfigurations = (
				7DCFBEFF2BA4203B00B4F27C /* Debug */,
				7DCFBF002BA4203B00B4F27C /* Release */,
			);
			defaultConfigurationIsVisible = 0;
			defaultConfigurationName = Release;
		};
		7DEAB03F2B9B04C2004027B1 /* Build configuration list for PBXProject "Globes" */ = {
			isa = XCConfigurationList;
			buildConfigurations = (
				7DEAB0572B9B04C4004027B1 /* Debug */,
				7DEAB0582B9B04C4004027B1 /* Release */,
			);
			defaultConfigurationIsVisible = 0;
			defaultConfigurationName = Release;
		};
		7DEAB0592B9B04C4004027B1 /* Build configuration list for PBXNativeTarget "Globes" */ = {
			isa = XCConfigurationList;
			buildConfigurations = (
				7DEAB05A2B9B04C4004027B1 /* Debug */,
				7DEAB05B2B9B04C4004027B1 /* Release */,
			);
			defaultConfigurationIsVisible = 0;
			defaultConfigurationName = Release;
		};
/* End XCConfigurationList section */
	};
	rootObject = 7DEAB03C2B9B04C2004027B1 /* Project object */;
}
